
Microsoft Visual Studio Solution File, Format Version 12.00
# Visual Studio Version 16
VisualStudioVersion = 16.0.35731.53
MinimumVisualStudioVersion = 10.0.40219.1
Project("{F184B08F-C81C-45F6-A57F-5ABD9991F28F}") = "OperadoraNominas", "OperadoraNominas\OperadoraNominas.vbproj", "{E0046EE3-C5D1-481A-B8CA-A84E5FADF2E3}"
EndProject
Global
	GlobalSection(SolutionConfigurationPlatforms) = preSolution
		Debug|x86 = Debug|x86
		Release|x86 = Release|x86
	EndGlobalSection
	GlobalSection(ProjectConfigurationPlatforms) = postSolution
		{E0046EE3-C5D1-481A-B8CA-A84E5FADF2E3}.Debug|x86.ActiveCfg = Debug|x86
		{E0046EE3-C5D1-481A-B8CA-A84E5FADF2E3}.Debug|x86.Build.0 = Debug|x86
		{E0046EE3-C5D1-481A-B8CA-A84E5FADF2E3}.Release|x86.ActiveCfg = Release|x86
		{E0046EE3-C5D1-481A-B8CA-A84E5FADF2E3}.Release|x86.Build.0 = Release|x86
	EndGlobalSection
	GlobalSection(SolutionProperties) = preSolution
		HideSolutionNode = FALSE
	EndGlobalSection
	GlobalSection(ExtensibilityGlobals) = postSolution
		SolutionGuid = {CC78C6F0-79B9-4E39-8535-9CD010BFD609}
	EndGlobalSection
EndGlobal
